
Microsoft Visual Studio Solution File, Format Version 12.00
# Visual Studio Version 17
VisualStudioVersion = 17.8.34330.188
MinimumVisualStudioVersion = 10.0.40219.1
Project("{9A19103F-16F7-4668-BE54-9A1E7A4F7556}") = "SharedConsoleApp", "SharedConsoleApp\SharedConsoleApp.csproj", "{22DF66D0-9336-40E7-BCDF-F90842053B99}"
EndProject
Project("{9A19103F-16F7-4668-BE54-9A1E7A4F7556}") = "AddressBookConsoleApp", "AddressBookConsoleApp\AddressBookConsoleApp.csproj", "{4CC94AD6-B68F-41E3-992F-631DE61D3382}"
EndProject
Project("{9A19103F-16F7-4668-BE54-9A1E7A4F7556}") = "TestConsoleApp", "TestConsoleApp\TestConsoleApp.csproj", "{15CFD697-444D-4C01-9347-9DF8D42663AB}"
EndProject
Project("{FAE04EC0-301F-11D3-BF4B-00C04F79EFBC}") = "WpfAddressBook", "WpfAddressBook\WpfAddressBook.csproj", "{51FA8669-3E1D-4602-8EA4-9B03C8236D83}"
EndProject
Global
	GlobalSection(SolutionConfigurationPlatforms) = preSolution
		Debug|Any CPU = Debug|Any CPU
		Release|Any CPU = Release|Any CPU
	EndGlobalSection
	GlobalSection(ProjectConfigurationPlatforms) = postSolution
		{22DF66D0-9336-40E7-BCDF-F90842053B99}.Debug|Any CPU.ActiveCfg = Debug|Any CPU
		{22DF66D0-9336-40E7-BCDF-F90842053B99}.Debug|Any CPU.Build.0 = Debug|Any CPU
		{22DF66D0-9336-40E7-BCDF-F90842053B99}.Release|Any CPU.ActiveCfg = Release|Any CPU
		{22DF66D0-9336-40E7-BCDF-F90842053B99}.Release|Any CPU.Build.0 = Release|Any CPU
		{4CC94AD6-B68F-41E3-992F-631DE61D3382}.Debug|Any CPU.ActiveCfg = Debug|Any CPU
		{4CC94AD6-B68F-41E3-992F-631DE61D3382}.Debug|Any CPU.Build.0 = Debug|Any CPU
		{4CC94AD6-B68F-41E3-992F-631DE61D3382}.Release|Any CPU.ActiveCfg = Release|Any CPU
		{4CC94AD6-B68F-41E3-992F-631DE61D3382}.Release|Any CPU.Build.0 = Release|Any CPU
		{15CFD697-444D-4C01-9347-9DF8D42663AB}.Debug|Any CPU.ActiveCfg = Debug|Any CPU
		{15CFD697-444D-4C01-9347-9DF8D42663AB}.Debug|Any CPU.Build.0 = Debug|Any CPU
		{15CFD697-444D-4C01-9347-9DF8D42663AB}.Release|Any CPU.ActiveCfg = Release|Any CPU
		{15CFD697-444D-4C01-9347-9DF8D42663AB}.Release|Any CPU.Build.0 = Release|Any CPU
		{51FA8669-3E1D-4602-8EA4-9B03C8236D83}.Debug|Any CPU.ActiveCfg = Debug|Any CPU
		{51FA8669-3E1D-4602-8EA4-9B03C8236D83}.Debug|Any CPU.Build.0 = Debug|Any CPU
		{51FA8669-3E1D-4602-8EA4-9B03C8236D83}.Release|Any CPU.ActiveCfg = Release|Any CPU
		{51FA8669-3E1D-4602-8EA4-9B03C8236D83}.Release|Any CPU.Build.0 = Release|Any CPU
	EndGlobalSection
	GlobalSection(SolutionProperties) = preSolution
		HideSolutionNode = FALSE
	EndGlobalSection
	GlobalSection(ExtensibilityGlobals) = postSolution
		SolutionGuid = {E925E435-8FFF-488C-9D9F-A8E37B7DD863}
	EndGlobalSection
EndGlobal
